<?xml version="1.0" encoding="utf-8"?>
<Project ToolsVersion="4.0" xmlns="http://schemas.microsoft.com/developer/msbuild/2003">
  <ItemGroup>
    <Filter Include="Source Files">
      <UniqueIdentifier>{4FC737F1-C7A5-4376-A066-2A32D752A2FF}</UniqueIdentifier>
      <Extensions>cpp;c;cc;cxx;def;odl;idl;hpj;bat;asm;asmx</Extensions>
    </Filter>
    <Filter Include="Source Files\Shaders">
      <UniqueIdentifier>{ada8c642-8808-49cb-97a9-5c8484dac36d}</UniqueIdentifier>
    </Filter>
    <Filter Include="Source Files\SDX">
      <UniqueIdentifier>{67DA6AB6-F800-4c08-8B7A-83BB121AAD01}</UniqueIdentifier>
      <Extensions>rc;ico;cur;bmp;dlg;rc2;rct;bin;rgs;gif;jpg;jpeg;jpe;resx;tiff;tif;png;wav;mfcribbon-ms</Extensions>
    </Filter>
    <Filter Include="Source Files\GL">
      <UniqueIdentifier>{93995380-89BD-4b04-88EB-625FBE52EBFB}</UniqueIdentifier>
      <Extensions>h;hh;hpp;hxx;hm;inl;inc;xsd</Extensions>
    </Filter>
    <Filter Include="Source Files\STB">
      <UniqueIdentifier>{0051c827-aea7-4c19-b884-662a4a61f9e9}</UniqueIdentifier>
    </Filter>
    <Filter Include="Libs">
      <UniqueIdentifier>{305f5008-502b-4622-8c95-c7f01f85aa75}</UniqueIdentifier>
    </Filter>
    <Filter Include="Output">
      <UniqueIdentifier>{b506589e-80f4-40c4-8e48-055324989558}</UniqueIdentifier>
    </Filter>
    <Filter Include="Models">
      <UniqueIdentifier>{5d205dba-844a-4cbb-a955-42cf24cda83d}</UniqueIdentifier>
    </Filter>
  </ItemGroup>
  <ItemGroup>
    <ClCompile Include="DeferredShader.cpp">
      <Filter>Source Files</Filter>
    </ClCompile>
    <ClCompile Include="main.cpp">
      <Filter>Source Files</Filter>
    </ClCompile>
    <ClCompile Include="MyApplication.cpp">
      <Filter>Source Files</Filter>
    </ClCompile>
    <ClCompile Include="GLMatrix.cpp">
      <Filter>Source Files\GL</Filter>
    </ClCompile>
    <ClCompile Include="GLMesh.cpp">
      <Filter>Source Files\GL</Filter>
    </ClCompile>
    <ClCompile Include="GLModel.cpp">
      <Filter>Source Files\GL</Filter>
    </ClCompile>
    <ClCompile Include="GLProgram.cpp">
      <Filter>Source Files\GL</Filter>
    </ClCompile>
    <ClCompile Include="GLShader.cpp">
      <Filter>Source Files\GL</Filter>
    </ClCompile>
    <ClCompile Include="SDX_Application.cpp">
      <Filter>Source Files\SDX</Filter>
    </ClCompile>
    <ClCompile Include="SDX_Display.cpp">
      <Filter>Source Files\SDX</Filter>
    </ClCompile>
    <ClCompile Include="SDX_Keyboard.cpp">
      <Filter>Source Files\SDX</Filter>
    </ClCompile>
    <ClCompile Include="SDX_Mouse.cpp">
      <Filter>Source Files\SDX</Filter>
    </ClCompile>
    <ClCompile Include="SDX_System.cpp">
      <Filter>Source Files\SDX</Filter>
    </ClCompile>
    <ClCompile Include="SDX_Window.cpp">
      <Filter>Source Files\SDX</Filter>
    </ClCompile>
    <ClCompile Include="GLModelLoader.cpp">
      <Filter>Source Files\GL</Filter>
    </ClCompile>
    <ClCompile Include="MyShader.cpp">
      <Filter>Source Files</Filter>
    </ClCompile>
  </ItemGroup>
  <ItemGroup>
    <ClInclude Include="DeferredShader.hpp">
      <Filter>Source Files</Filter>
    </ClInclude>
    <ClInclude Include="MyApplication.hpp">
      <Filter>Source Files</Filter>
    </ClInclude>
    <ClInclude Include="GLMatrix.hpp">
      <Filter>Source Files\GL</Filter>
    </ClInclude>
    <ClInclude Include="GLMesh.hpp">
      <Filter>Source Files\GL</Filter>
    </ClInclude>
    <ClInclude Include="GLModel.hpp">
      <Filter>Source Files\GL</Filter>
    </ClInclude>
    <ClInclude Include="GLProgram.hpp">
      <Filter>Source Files\GL</Filter>
    </ClInclude>
    <ClInclude Include="GLShader.hpp">
      <Filter>Source Files\GL</Filter>
    </ClInclude>
    <ClInclude Include="GLUniform.hpp">
      <Filter>Source Files\GL</Filter>
    </ClInclude>
    <ClInclude Include="SDX_Application.hpp">
      <Filter>Source Files\SDX</Filter>
    </ClInclude>
    <ClInclude Include="SDX_Display.hpp">
      <Filter>Source Files\SDX</Filter>
    </ClInclude>
    <ClInclude Include="SDX_Keyboard.hpp">
      <Filter>Source Files\SDX</Filter>
    </ClInclude>
    <ClInclude Include="SDX_Mouse.hpp">
      <Filter>Source Files\SDX</Filter>
    </ClInclude>
    <ClInclude Include="SDX_System.hpp">
      <Filter>Source Files\SDX</Filter>
    </ClInclude>
    <ClInclude Include="SDX_Window.hpp">
      <Filter>Source Files\SDX</Filter>
    </ClInclude>
    <ClInclude Include="stb_image_write.hpp">
      <Filter>Source Files\STB</Filter>
    </ClInclude>
    <ClInclude Include="stb_image.hpp">
      <Filter>Source Files\STB</Filter>
    </ClInclude>
    <ClInclude Include="GLModelLoader.hpp">
      <Filter>Source Files\GL</Filter>
    </ClInclude>
    <ClInclude Include="pass1_gbuffer_d.frag">
      <Filter>Source Files\Shaders</Filter>
    </ClInclude>
    <ClInclude Include="MyShader.hpp">
      <Filter>Source Files</Filter>
    </ClInclude>
  </ItemGroup>
  <ItemGroup>
    <None Include="GLMatrix.inl">
      <Filter>Source Files\GL</Filter>
    </None>
    <None Include="GLProgram.inl">
      <Filter>Source Files\GL</Filter>
    </None>
    <None Include="GLShader.inl">
      <Filter>Source Files\GL</Filter>
    </None>
    <None Include="GLUniform.inl">
      <Filter>Source Files\GL</Filter>
    </None>
    <None Include="pass3_lights.frag">
      <Filter>Source Files\Shaders</Filter>
    </None>
    <None Include="pass2_deferred.frag">
      <Filter>Source Files\Shaders</Filter>
    </None>
    <None Include="pass2_deferred.vert">
      <Filter>Source Files\Shaders</Filter>
    </None>
    <None Include="pass2_depth.frag">
      <Filter>Source Files\Shaders</Filter>
    </None>
    <None Include="pass2_diffuse.frag">
      <Filter>Source Files\Shaders</Filter>
    </None>
    <None Include="pass2_normal.frag">
      <Filter>Source Files\Shaders</Filter>
    </None>
    <None Include="pass2_position.frag">
      <Filter>Source Files\Shaders</Filter>
    </None>
    <None Include="pass2_specular.frag">
      <Filter>Source Files\Shaders</Filter>
    </None>
    <None Include="pass3_lights.vert">
      <Filter>Source Files\Shaders</Filter>
    </None>
    <None Include="SDX_Display.inl">
      <Filter>Source Files\SDX</Filter>
    </None>
    <None Include="SDX_Mouse.inl">
      <Filter>Source Files\SDX</Filter>
    </None>
    <None Include="SDX_Window.inl">
      <Filter>Source Files\SDX</Filter>
    </None>
    <None Include="models\sponza\sponza.mtl">
      <Filter>Models</Filter>
    </None>
    <None Include="pass1_gbuffer.frag">
      <Filter>Source Files\Shaders</Filter>
    </None>
    <None Include="pass1_gbuffer.vert">
      <Filter>Source Files\Shaders</Filter>
    </None>
    <None Include="pass1_gbuffer_dn.frag">
      <Filter>Source Files\Shaders</Filter>
    </None>
  </ItemGroup>
  <ItemGroup>
    <Library Include="lib\x86\assimp.lib">
      <Filter>Libs</Filter>
    </Library>
    <Library Include="lib\x86\DevIL.lib">
      <Filter>Libs</Filter>
    </Library>
    <Library Include="lib\x86\glew32.lib">
      <Filter>Libs</Filter>
    </Library>
    <Library Include="lib\x86\glew32s.lib">
      <Filter>Libs</Filter>
    </Library>
    <Library Include="lib\x86\ILU.lib">
      <Filter>Libs</Filter>
    </Library>
    <Library Include="lib\x86\ILUT.lib">
      <Filter>Libs</Filter>
    </Library>
    <Library Include="lib\x86\SDL2.lib">
      <Filter>Libs</Filter>
    </Library>
    <Library Include="lib\x86\SDL2main.lib">
      <Filter>Libs</Filter>
    </Library>
    <Library Include="lib\x86\SDL2test.lib">
      <Filter>Libs</Filter>
    </Library>
  </ItemGroup>
  <ItemGroup>
    <Image Include="attachment_specular.jpg">
      <Filter>Output</Filter>
    </Image>
    <Image Include="attachment_albedo.jpg">
      <Filter>Output</Filter>
    </Image>
    <Image Include="attachment_depth.jpg">
      <Filter>Output</Filter>
    </Image>
    <Image Include="attachment_final.jpg">
      <Filter>Output</Filter>
    </Image>
    <Image Include="attachment_normal.jpg">
      <Filter>Output</Filter>
    </Image>
    <Image Include="attachment_position.jpg">
      <Filter>Output</Filter>
    </Image>
    <Image Include="models\sponza\textures\background.tga">
      <Filter>Models</Filter>
    </Image>
    <Image Include="models\sponza\textures\background_ddn.tga">
      <Filter>Models</Filter>
    </Image>
    <Image Include="models\sponza\textures\background_ddn.tif">
      <Filter>Models</Filter>
    </Image>
    <Image Include="models\sponza\textures\chain_texture.tga">
      <Filter>Models</Filter>
    </Image>
    <Image Include="models\sponza\textures\chain_texture_ddn.tga">
      <Filter>Models</Filter>
    </Image>
    <Image Include="models\sponza\textures\chain_texture_mask.tga">
      <Filter>Models</Filter>
    </Image>
    <Image Include="models\sponza\textures\lion.tga">
      <Filter>Models</Filter>
    </Image>
    <Image Include="models\sponza\textures\lion_ddn.tga">
      <Filter>Models</Filter>
    </Image>
    <Image Include="models\sponza\textures\lion2_ddn.tga">
      <Filter>Models</Filter>
    </Image>
    <Image Include="models\sponza\textures\spnza_bricks_a_ddn.tga">
      <Filter>Models</Filter>
    </Image>
    <Image Include="models\sponza\textures\spnza_bricks_a_diff.tga">
      <Filter>Models</Filter>
    </Image>
    <Image Include="models\sponza\textures\spnza_bricks_a_spec.tga">
      <Filter>Models</Filter>
    </Image>
    <Image Include="models\sponza\textures\sponza_arch_ddn.tga">
      <Filter>Models</Filter>
    </Image>
    <Image Include="models\sponza\textures\sponza_arch_diff.tga">
      <Filter>Models</Filter>
    </Image>
    <Image Include="models\sponza\textures\sponza_arch_spec.tga">
      <Filter>Models</Filter>
    </Image>
    <Image Include="models\sponza\textures\sponza_ceiling_a_diff.tga">
      <Filter>Models</Filter>
    </Image>
    <Image Include="models\sponza\textures\sponza_ceiling_a_spec.tga">
      <Filter>Models</Filter>
    </Image>
    <Image Include="models\sponza\textures\sponza_column_a_ddn.tga">
      <Filter>Models</Filter>
    </Image>
    <Image Include="models\sponza\textures\sponza_column_a_diff.tga">
      <Filter>Models</Filter>
    </Image>
    <Image Include="models\sponza\textures\sponza_column_a_spec.tga">
      <Filter>Models</Filter>
    </Image>
    <Image Include="models\sponza\textures\sponza_column_b_ddn.tga">
      <Filter>Models</Filter>
    </Image>
    <Image Include="models\sponza\textures\sponza_column_b_diff.tga">
      <Filter>Models</Filter>
    </Image>
    <Image Include="models\sponza\textures\sponza_column_b_spec.tga">
      <Filter>Models</Filter>
    </Image>
    <Image Include="models\sponza\textures\sponza_column_c_ddn.tga">
      <Filter>Models</Filter>
    </Image>
    <Image Include="models\sponza\textures\sponza_column_c_diff.tga">
      <Filter>Models</Filter>
    </Image>
    <Image Include="models\sponza\textures\sponza_column_c_spec.tga">
      <Filter>Models</Filter>
    </Image>
    <Image Include="models\sponza\textures\sponza_curtain_blue_diff.tga">
      <Filter>Models</Filter>
    </Image>
    <Image Include="models\sponza\textures\sponza_curtain_diff.tga">
      <Filter>Models</Filter>
    </Image>
    <Image Include="models\sponza\textures\sponza_curtain_green_diff.tga">
      <Filter>Models</Filter>
    </Image>
    <Image Include="models\sponza\textures\sponza_details_diff.tga">
      <Filter>Models</Filter>
    </Image>
    <Image Include="models\sponza\textures\sponza_details_spec.tga">
      <Filter>Models</Filter>
    </Image>
    <Image Include="models\sponza\textures\sponza_fabric_blue_diff.tga">
      <Filter>Models</Filter>
    </Image>
    <Image Include="models\sponza\textures\sponza_fabric_diff.tga">
      <Filter>Models</Filter>
    </Image>
    <Image Include="models\sponza\textures\sponza_fabric_green_diff.tga">
      <Filter>Models</Filter>
    </Image>
    <Image Include="models\sponza\textures\sponza_fabric_spec.tga">
      <Filter>Models</Filter>
    </Image>
    <Image Include="models\sponza\textures\sponza_flagpole_diff.tga">
      <Filter>Models</Filter>
    </Image>
    <Image Include="models\sponza\textures\sponza_flagpole_spec.tga">
      <Filter>Models</Filter>
    </Image>
    <Image Include="models\sponza\textures\sponza_floor_a_diff.tga">
      <Filter>Models</Filter>
    </Image>
    <Image Include="models\sponza\textures\sponza_floor_a_spec.tga">
      <Filter>Models</Filter>
    </Image>
    <Image Include="models\sponza\textures\sponza_roof_diff.tga">
      <Filter>Models</Filter>
    </Image>
    <Image Include="models\sponza\textures\sponza_thorn_ddn.tga">
      <Filter>Models</Filter>
    </Image>
    <Image Include="models\sponza\textures\sponza_thorn_diff.tga">
      <Filter>Models</Filter>
    </Image>
    <Image Include="models\sponza\textures\sponza_thorn_mask.tga">
      <Filter>Models</Filter>
    </Image>
    <Image Include="models\sponza\textures\sponza_thorn_spec.tga">
      <Filter>Models</Filter>
    </Image>
    <Image Include="models\sponza\textures\vase_ddn.tga">
      <Filter>Models</Filter>
    </Image>
    <Image Include="models\sponza\textures\vase_dif.tga">
      <Filter>Models</Filter>
    </Image>
    <Image Include="models\sponza\textures\vase_hanging.tga">
      <Filter>Models</Filter>
    </Image>
    <Image Include="models\sponza\textures\vase_plant.tga">
      <Filter>Models</Filter>
    </Image>
    <Image Include="models\sponza\textures\vase_plant_mask.tga">
      <Filter>Models</Filter>
    </Image>
    <Image Include="models\sponza\textures\vase_plant_spec.tga">
      <Filter>Models</Filter>
    </Image>
    <Image Include="models\sponza\textures\vase_round.tga">
      <Filter>Models</Filter>
    </Image>
    <Image Include="models\sponza\textures\vase_round_ddn.tga">
      <Filter>Models</Filter>
    </Image>
    <Image Include="models\sponza\textures\vase_round_spec.tga">
      <Filter>Models</Filter>
    </Image>
  </ItemGroup>
  <ItemGroup>
    <Text Include="models\sponza\README.txt">
      <Filter>Models</Filter>
    </Text>
    <Text Include="README.txt">
      <Filter>Source Files</Filter>
    </Text>
  </ItemGroup>
  <ItemGroup>
    <Object Include="models\sponza\sponza.obj">
      <Filter>Models</Filter>
    </Object>
    <Object Include="models\lucy.obj">
      <Filter>Models</Filter>
    </Object>
  </ItemGroup>
  <ItemGroup>
    <Media Include="video demonstration.mp4">
      <Filter>Output</Filter>
    </Media>
    <Media Include="video demonstration 2.mp4">
      <Filter>Output</Filter>
    </Media>
  </ItemGroup>
</Project>